
Microsoft Visual Studio Solution File, Format Version 12.00
# Visual Studio Version 17
VisualStudioVersion = 17.14.37111.16 d17.14
MinimumVisualStudioVersion = 10.0.40219.1
Project("{FAE04EC0-301F-11D3-BF4B-00C04F79EFBC}") = "26031018_sulljiun_assignment", "26031018_sulljiun_assignment.csproj", "{CBFBD00E-14C9-4610-BB5C-C54C47FC04D0}"
EndProject
Global
	GlobalSection(SolutionConfigurationPlatforms) = preSolution
		Debug|Any CPU = Debug|Any CPU
		Release|Any CPU = Release|Any CPU
	EndGlobalSection
	GlobalSection(ProjectConfigurationPlatforms) = postSolution
		{CBFBD00E-14C9-4610-BB5C-C54C47FC04D0}.Debug|Any CPU.ActiveCfg = Debug|Any CPU
		{CBFBD00E-14C9-4610-BB5C-C54C47FC04D0}.Debug|Any CPU.Build.0 = Debug|Any CPU
		{CBFBD00E-14C9-4610-BB5C-C54C47FC04D0}.Release|Any CPU.ActiveCfg = Release|Any CPU
		{CBFBD00E-14C9-4610-BB5C-C54C47FC04D0}.Release|Any CPU.Build.0 = Release|Any CPU
	EndGlobalSection
	GlobalSection(SolutionProperties) = preSolution
		HideSolutionNode = FALSE
	EndGlobalSection
	GlobalSection(ExtensibilityGlobals) = postSolution
		SolutionGuid = {040F880C-6C7C-4B98-BA5A-E9F93710D679}
	EndGlobalSection
EndGlobal
