
Microsoft Visual Studio Solution File, Format Version 12.00
# Visual Studio Version 17
VisualStudioVersion = 17.14.37614.0 d17.14
MinimumVisualStudioVersion = 10.0.40219.1
Project("{FAE04EC0-301F-11D3-BF4B-00C04F79EFBC}") = "26031025_임주호_과제_자기이력서작성", "26031025_임주호_과제_자기이력서작성.csproj", "{695C5E4A-BB53-449F-A728-B42AB031E100}"
EndProject
Global
	GlobalSection(SolutionConfigurationPlatforms) = preSolution
		Debug|Any CPU = Debug|Any CPU
		Release|Any CPU = Release|Any CPU
	EndGlobalSection
	GlobalSection(ProjectConfigurationPlatforms) = postSolution
		{695C5E4A-BB53-449F-A728-B42AB031E100}.Debug|Any CPU.ActiveCfg = Debug|Any CPU
		{695C5E4A-BB53-449F-A728-B42AB031E100}.Debug|Any CPU.Build.0 = Debug|Any CPU
		{695C5E4A-BB53-449F-A728-B42AB031E100}.Release|Any CPU.ActiveCfg = Release|Any CPU
		{695C5E4A-BB53-449F-A728-B42AB031E100}.Release|Any CPU.Build.0 = Release|Any CPU
	EndGlobalSection
	GlobalSection(SolutionProperties) = preSolution
		HideSolutionNode = FALSE
	EndGlobalSection
	GlobalSection(ExtensibilityGlobals) = postSolution
		SolutionGuid = {A5304925-EEF9-4B67-9438-F4AF2DFCE873}
	EndGlobalSection
EndGlobal
